// !$*UTF8*$!
{
	archiveVersion = 1;
	classes = {
	};
	objectVersion = 50;
	objects = {

/* Begin PBXBuildFile section */
		DA9CD7502448D77100A23866 /* AppDelegate.swift in Sources */ = {isa = PBXBuildFile; fileRef = DA9CD74F2448D77100A23866 /* AppDelegate.swift */; };
		DA9CD7522448D77100A23866 /* SceneDelegate.swift in Sources */ = {isa = PBXBuildFile; fileRef = DA9CD7512448D77100A23866 /* SceneDelegate.swift */; };
		DA9CD7572448D77100A23866 /* Main.storyboard in Resources */ = {isa = PBXBuildFile; fileRef = DA9CD7552448D77100A23866 /* Main.storyboard */; };
		DA9CD7592448D77400A23866 /* Assets.xcassets in Resources */ = {isa = PBXBuildFile; fileRef = DA9CD7582448D77400A23866 /* Assets.xcassets */; };
		DA9CD75C2448D77400A23866 /* LaunchScreen.storyboard in Resources */ = {isa = PBXBuildFile; fileRef = DA9CD75A2448D77400A23866 /* LaunchScreen.storyboard */; };
		DA9CD7672448D77500A23866 /* To_DoTests.swift in Sources */ = {isa = PBXBuildFile; fileRef = DA9CD7662448D77500A23866 /* To_DoTests.swift */; };
		DA9CD7722448D77500A23866 /* To_DoUITests.swift in Sources */ = {isa = PBXBuildFile; fileRef = DA9CD7712448D77500A23866 /* To_DoUITests.swift */; };
		DA9CD7802448D93C00A23866 /* ViewController.swift in Sources */ = {isa = PBXBuildFile; fileRef = DA9CD77F2448D93C00A23866 /* ViewController.swift */; };
/* End PBXBuildFile section */

/* Begin PBXContainerItemProxy section */
		DA9CD7632448D77500A23866 /* PBXContainerItemProxy */ = {
			isa = PBXContainerItemProxy;
			containerPortal = DA9CD7442448D77000A23866 /* Project object */;
			proxyType = 1;
			remoteGlobalIDString = DA9CD74B2448D77100A23866;
			remoteInfo = "To Do";
		};
		DA9CD76E2448D77500A23866 /* PBXContainerItemProxy */ = {
			isa = PBXContainerItemProxy;
			containerPortal = DA9CD7442448D77000A23866 /* Project object */;
			proxyType = 1;
			remoteGlobalIDString = DA9CD74B2448D77100A23866;
			remoteInfo = "To Do";
		};
/* End PBXContainerItemProxy section */

/* Begin PBXFileReference section */
		DA9CD74C2448D77100A23866 /* To Do.app */ = {isa = PBXFileReference; explicitFileType = wrapper.application; includeInIndex = 0; path = "To Do.app"; sourceTree = BUILT_PRODUCTS_DIR; };
		DA9CD74F2448D77100A23866 /* AppDelegate.swift */ = {isa = PBXFileReference; lastKnownFileType = sourcecode.swift; path = AppDelegate.swift; sourceTree = "<group>"; };
		DA9CD7512448D77100A23866 /* SceneDelegate.swift */ = {isa = PBXFileReference; lastKnownFileType = sourcecode.swift; path = SceneDelegate.swift; sourceTree = "<group>"; };
		DA9CD7562448D77100A23866 /* Base */ = {isa = PBXFileReference; lastKnownFileType = file.storyboard; name = Base; path = Base.lproj/Main.storyboard; sourceTree = "<group>"; };
		DA9CD7582448D77400A23866 /* Assets.xcassets */ = {isa = PBXFileReference; lastKnownFileType = folder.assetcatalog; path = Assets.xcassets; sourceTree = "<group>"; };
		DA9CD75B2448D77400A23866 /* Base */ = {isa = PBXFileReference; lastKnownFileType = file.storyboard; name = Base; path = Base.lproj/LaunchScreen.storyboard; sourceTree = "<group>"; };
		DA9CD75D2448D77400A23866 /* Info.plist */ = {isa = PBXFileReference; lastKnownFileType = text.plist.xml; path = Info.plist; sourceTree = "<group>"; };
		DA9CD7622448D77500A23866 /* To DoTests.xctest */ = {isa = PBXFileReference; explicitFileType = wrapper.cfbundle; includeInIndex = 0; path = "To DoTests.xctest"; sourceTree = BUILT_PRODUCTS_DIR; };
		DA9CD7662448D77500A23866 /* To_DoTests.swift */ = {isa = PBXFileReference; lastKnownFileType = sourcecode.swift; path = To_DoTests.swift; sourceTree = "<group>"; };
		DA9CD7682448D77500A23866 /* Info.plist */ = {isa = PBXFileReference; lastKnownFileType = text.plist.xml; path = Info.plist; sourceTree = "<group>"; };
		DA9CD76D2448D77500A23866 /* To DoUITests.xctest */ = {isa = PBXFileReference; explicitFileType = wrapper.cfbundle; includeInIndex = 0; path = "To DoUITests.xctest"; sourceTree = BUILT_PRODUCTS_DIR; };
		DA9CD7712448D77500A23866 /* To_DoUITests.swift */ = {isa = PBXFileReference; lastKnownFileType = sourcecode.swift; path = To_DoUITests.swift; sourceTree = "<group>"; };
		DA9CD7732448D77500A23866 /* Info.plist */ = {isa = PBXFileReference; lastKnownFileType = text.plist.xml; path = Info.plist; sourceTree = "<group>"; };
		DA9CD77F2448D93C00A23866 /* ViewController.swift */ = {isa = PBXFileReference; lastKnownFileType = sourcecode.swift; path = ViewController.swift; sourceTree = "<group>"; };
/* End PBXFileReference section */

/* Begin PBXFrameworksBuildPhase section */
		DA9CD7492448D77100A23866 /* Frameworks */ = {
			isa = PBXFrameworksBuildPhase;
			buildActionMask = 2147483647;
			files = (
			);
			runOnlyForDeploymentPostprocessing = 0;
		};
		DA9CD75F2448D77500A23866 /* Frameworks */ = {
			isa = PBXFrameworksBuildPhase;
			buildActionMask = 2147483647;
			files = (
			);
			runOnlyForDeploymentPostprocessing = 0;
		};
		DA9CD76A2448D77500A23866 /* Frameworks */ = {
			isa = PBXFrameworksBuildPhase;
			buildActionMask = 2147483647;
			files = (
			);
			runOnlyForDeploymentPostprocessing = 0;
		};
/* End PBXFrameworksBuildPhase section */

/* Begin PBXGroup section */
		DA9CD7432448D77000A23866 = {
			isa = PBXGroup;
			children = (
				DA9CD74E2448D77100A23866 /* To Do */,
				DA9CD7652448D77500A23866 /* To DoTests */,
				DA9CD7702448D77500A23866 /* To DoUITests */,
				DA9CD74D2448D77100A23866 /* Products */,
			);
			sourceTree = "<group>";
		};
		DA9CD74D2448D77100A23866 /* Products */ = {
			isa = PBXGroup;
			children = (
				DA9CD74C2448D77100A23866 /* To Do.app */,
				DA9CD7622448D77500A23866 /* To DoTests.xctest */,
				DA9CD76D2448D77500A23866 /* To DoUITests.xctest */,
			);
			name = Products;
			sourceTree = "<group>";
		};
		DA9CD74E2448D77100A23866 /* To Do */ = {
			isa = PBXGroup;
			children = (
				DA9CD74F2448D77100A23866 /* AppDelegate.swift */,
				DA9CD7512448D77100A23866 /* SceneDelegate.swift */,
				DA9CD77F2448D93C00A23866 /* ViewController.swift */,
				DA9CD7552448D77100A23866 /* Main.storyboard */,
				DA9CD7582448D77400A23866 /* Assets.xcassets */,
				DA9CD75A2448D77400A23866 /* LaunchScreen.storyboard */,
				DA9CD75D2448D77400A23866 /* Info.plist */,
			);
			path = "To Do";
			sourceTree = "<group>";
		};
		DA9CD7652448D77500A23866 /* To DoTests */ = {
			isa = PBXGroup;
			children = (
				DA9CD7662448D77500A23866 /* To_DoTests.swift */,
				DA9CD7682448D77500A23866 /* Info.plist */,
			);
			path = "To DoTests";
			sourceTree = "<group>";
		};
		DA9CD7702448D77500A23866 /* To DoUITests */ = {
			isa = PBXGroup;
			children = (
				DA9CD7712448D77500A23866 /* To_DoUITests.swift */,
				DA9CD7732448D77500A23866 /* Info.plist */,
			);
			path = "To DoUITests";
			sourceTree = "<group>";
		};
/* End PBXGroup section */

/* Begin PBXNativeTarget section */
		DA9CD74B2448D77100A23866 /* To Do */ = {
			isa = PBXNativeTarget;
			buildConfigurationList = DA9CD7762448D77500A23866 /* Build configuration list for PBXNativeTarget "To Do" */;
			buildPhases = (
				DA9CD7482448D77100A23866 /* Sources */,
				DA9CD7492448D77100A23866 /* Frameworks */,
				DA9CD74A2448D77100A23866 /* Resources */,
			);
			buildRules = (
			);
			dependencies = (
			);
			name = "To Do";
			productName = "To Do";
			productReference = DA9CD74C2448D77100A23866 /* To Do.app */;
			productType = "com.apple.product-type.application";
		};
		DA9CD7612448D77500A23866 /* To DoTests */ = {
			isa = PBXNativeTarget;
			buildConfigurationList = DA9CD7792448D77500A23866 /* Build configuration list for PBXNativeTarget "To DoTests" */;
			buildPhases = (
				DA9CD75E2448D77500A23866 /* Sources */,
				DA9CD75F2448D77500A23866 /* Frameworks */,
				DA9CD7602448D77500A23866 /* Resources */,
			);
			buildRules = (
			);
			dependencies = (
				DA9CD7642448D77500A23866 /* PBXTargetDependency */,
			);
			name = "To DoTests";
			productName = "To DoTests";
			productReference = DA9CD7622448D77500A23866 /* To DoTests.xctest */;
			productType = "com.apple.product-type.bundle.unit-test";
		};
		DA9CD76C2448D77500A23866 /* To DoUITests */ = {
			isa = PBXNativeTarget;
			buildConfigurationList = DA9CD77C2448D77500A23866 /* Build configuration list for PBXNativeTarget "To DoUITests" */;
			buildPhases = (
				DA9CD7692448D77500A23866 /* Sources */,
				DA9CD76A2448D77500A23866 /* Frameworks */,
				DA9CD76B2448D77500A23866 /* Resources */,
			);
			buildRules = (
			);
			dependencies = (
				DA9CD76F2448D77500A23866 /* PBXTargetDependency */,
			);
			name = "To DoUITests";
			productName = "To DoUITests";
			productReference = DA9CD76D2448D77500A23866 /* To DoUITests.xctest */;
			productType = "com.apple.product-type.bundle.ui-testing";
		};
/* End PBXNativeTarget section */

/* Begin PBXProject section */
		DA9CD7442448D77000A23866 /* Project object */ = {
			isa = PBXProject;
			attributes = {
				LastSwiftUpdateCheck = 1140;
				LastUpgradeCheck = 1140;
				ORGANIZATIONNAME = "Андрей Измайлов";
				TargetAttributes = {
					DA9CD74B2448D77100A23866 = {
						CreatedOnToolsVersion = 11.4.1;
					};
					DA9CD7612448D77500A23866 = {
						CreatedOnToolsVersion = 11.4.1;
						TestTargetID = DA9CD74B2448D77100A23866;
					};
					DA9CD76C2448D77500A23866 = {
						CreatedOnToolsVersion = 11.4.1;
						TestTargetID = DA9CD74B2448D77100A23866;
					};
				};
			};
			buildConfigurationList = DA9CD7472448D77000A23866 /* Build configuration list for PBXProject "To Do" */;
			compatibilityVersion = "Xcode 9.3";
			developmentRegion = en;
			hasScannedForEncodings = 0;
			knownRegions = (
				en,
				Base,
			);
			mainGroup = DA9CD7432448D77000A23866;
			productRefGroup = DA9CD74D2448D77100A23866 /* Products */;
			projectDirPath = "";
			projectRoot = "";
			targets = (
				DA9CD74B2448D77100A23866 /* To Do */,
				DA9CD7612448D77500A23866 /* To DoTests */,
				DA9CD76C2448D77500A23866 /* To DoUITests */,
			);
		};
/* End PBXProject section */

/* Begin PBXResourcesBuildPhase section */
		DA9CD74A2448D77100A23866 /* Resources */ = {
			isa = PBXResourcesBuildPhase;
			buildActionMask = 2147483647;
			files = (
				DA9CD75C2448D77400A23866 /* LaunchScreen.storyboard in Resources */,
				DA9CD7592448D77400A23866 /* Assets.xcassets in Resources */,
				DA9CD7572448D77100A23866 /* Main.storyboard in Resources */,
			);
			runOnlyForDeploymentPostprocessing = 0;
		};
		DA9CD7602448D77500A23866 /* Resources */ = {
			isa = PBXResourcesBuildPhase;
			buildActionMask = 2147483647;
			files = (
			);
			runOnlyForDeploymentPostprocessing = 0;
		};
		DA9CD76B2448D77500A23866 /* Resources */ = {
			isa = PBXResourcesBuildPhase;
			buildActionMask = 2147483647;
			files = (
			);
			runOnlyForDeploymentPostprocessing = 0;
		};
/* End PBXResourcesBuildPhase section */

/* Begin PBXSourcesBuildPhase section */
		DA9CD7482448D77100A23866 /* Sources */ = {
			isa = PBXSourcesBuildPhase;
			buildActionMask = 2147483647;
			files = (
				DA9CD7802448D93C00A23866 /* ViewController.swift in Sources */,
				DA9CD7502448D77100A23866 /* AppDelegate.swift in Sources */,
				DA9CD7522448D77100A23866 /* SceneDelegate.swift in Sources */,
			);
			runOnlyForDeploymentPostprocessing = 0;
		};
		DA9CD75E2448D77500A23866 /* Sources */ = {
			isa = PBXSourcesBuildPhase;
			buildActionMask = 2147483647;
			files = (
				DA9CD7672448D77500A23866 /* To_DoTests.swift in Sources */,
			);
			runOnlyForDeploymentPostprocessing = 0;
		};
		DA9CD7692448D77500A23866 /* Sources */ = {
			isa = PBXSourcesBuildPhase;
			buildActionMask = 2147483647;
			files = (
				DA9CD7722448D77500A23866 /* To_DoUITests.swift in Sources */,
			);
			runOnlyForDeploymentPostprocessing = 0;
		};
/* End PBXSourcesBuildPhase section */

/* Begin PBXTargetDependency section */
		DA9CD7642448D77500A23866 /* PBXTargetDependency */ = {
			isa = PBXTargetDependency;
			target = DA9CD74B2448D77100A23866 /* To Do */;
			targetProxy = DA9CD7632448D77500A23866 /* PBXContainerItemProxy */;
		};
		DA9CD76F2448D77500A23866 /* PBXTargetDependency */ = {
			isa = PBXTargetDependency;
			target = DA9CD74B2448D77100A23866 /* To Do */;
			targetProxy = DA9CD76E2448D77500A23866 /* PBXContainerItemProxy */;
		};
/* End PBXTargetDependency section */

/* Begin PBXVariantGroup section */
		DA9CD7552448D77100A23866 /* Main.storyboard */ = {
			isa = PBXVariantGroup;
			children = (
				DA9CD7562448D77100A23866 /* Base */,
			);
			name = Main.storyboard;
			sourceTree = "<group>";
		};
		DA9CD75A2448D77400A23866 /* LaunchScreen.storyboard */ = {
			isa = PBXVariantGroup;
			children = (
				DA9CD75B2448D77400A23866 /* Base */,
			);
			name = LaunchScreen.storyboard;
			sourceTree = "<group>";
		};
/* End PBXVariantGroup section */

/* Begin XCBuildConfiguration section */
		DA9CD7742448D77500A23866 /* Debug */ = {
			isa = XCBuildConfiguration;
			buildSettings = {
				ALWAYS_SEARCH_USER_PATHS = NO;
				CLANG_ANALYZER_NONNULL = YES;
				CLANG_ANALYZER_NUMBER_OBJECT_CONVERSION = YES_AGGRESSIVE;
				CLANG_CXX_LANGUAGE_STANDARD = "gnu++14";
				CLANG_CXX_LIBRARY = "libc++";
				CLANG_ENABLE_MODULES = YES;
				CLANG_ENABLE_OBJC_ARC = YES;
				CLANG_ENABLE_OBJC_WEAK = YES;
				CLANG_WARN_BLOCK_CAPTURE_AUTORELEASING = YES;
				CLANG_WARN_BOOL_CONVERSION = YES;
				CLANG_WARN_COMMA = YES;
				CLANG_WARN_CONSTANT_CONVERSION = YES;
				CLANG_WARN_DEPRECATED_OBJC_IMPLEMENTATIONS = YES;
				CLANG_WARN_DIRECT_OBJC_ISA_USAGE = YES_ERROR;
				CLANG_WARN_DOCUMENTATION_COMMENTS = YES;
				CLANG_WARN_EMPTY_BODY = YES;
				CLANG_WARN_ENUM_CONVERSION = YES;
				CLANG_WARN_INFINITE_RECURSION = YES;
				CLANG_WARN_INT_CONVERSION = YES;
				CLANG_WARN_NON_LITERAL_NULL_CONVERSION = YES;
				CLANG_WARN_OBJC_IMPLICIT_RETAIN_SELF = YES;
				CLANG_WARN_OBJC_LITERAL_CONVERSION = YES;
				CLANG_WARN_OBJC_ROOT_CLASS = YES_ERROR;
				CLANG_WARN_RANGE_LOOP_ANALYSIS = YES;
				CLANG_WARN_STRICT_PROTOTYPES = YES;
				CLANG_WARN_SUSPICIOUS_MOVE = YES;
				CLANG_WARN_UNGUARDED_AVAILABILITY = YES_AGGRESSIVE;
				CLANG_WARN_UNREACHABLE_CODE = YES;
				CLANG_WARN__DUPLICATE_METHOD_MATCH = YES;
				COPY_PHASE_STRIP = NO;
				DEBUG_INFORMATION_FORMAT = dwarf;
				ENABLE_STRICT_OBJC_MSGSEND = YES;
				ENABLE_TESTABILITY = YES;
				GCC_C_LANGUAGE_STANDARD = gnu11;
				GCC_DYNAMIC_NO_PIC = NO;
				GCC_NO_COMMON_BLOCKS = YES;
				GCC_OPTIMIZATION_LEVEL = 0;
				GCC_PREPROCESSOR_DEFINITIONS = (
					"DEBUG=1",
					"$(inherited)",
				);
				GCC_WARN_64_TO_32_BIT_CONVERSION = YES;
				GCC_WARN_ABOUT_RETURN_TYPE = YES_ERROR;
				GCC_WARN_UNDECLARED_SELECTOR = YES;
				GCC_WARN_UNINITIALIZED_AUTOS = YES_AGGRESSIVE;
				GCC_WARN_UNUSED_FUNCTION = YES;
				GCC_WARN_UNUSED_VARIABLE = YES;
				IPHONEOS_DEPLOYMENT_TARGET = 13.4;
				MTL_ENABLE_DEBUG_INFO = INCLUDE_SOURCE;
				MTL_FAST_MATH = YES;
				ONLY_ACTIVE_ARCH = YES;
				SDKROOT = iphoneos;
				SWIFT_ACTIVE_COMPILATION_CONDITIONS = DEBUG;
				SWIFT_OPTIMIZATION_LEVEL = "-Onone";
			};
			name = Debug;
		};
		DA9CD7752448D77500A23866 /* Release */ = {
			isa = XCBuildConfiguration;
			buildSettings = {
				ALWAYS_SEARCH_USER_PATHS = NO;
				CLANG_ANALYZER_NONNULL = YES;
				CLANG_ANALYZER_NUMBER_OBJECT_CONVERSION = YES_AGGRESSIVE;
				CLANG_CXX_LANGUAGE_STANDARD = "gnu++14";
				CLANG_CXX_LIBRARY = "libc++";
				CLANG_ENABLE_MODULES = YES;
				CLANG_ENABLE_OBJC_ARC = YES;
				CLANG_ENABLE_OBJC_WEAK = YES;
				CLANG_WARN_BLOCK_CAPTURE_AUTORELEASING = YES;
				CLANG_WARN_BOOL_CONVERSION = YES;
				CLANG_WARN_COMMA = YES;
				CLANG_WARN_CONSTANT_CONVERSION = YES;
				CLANG_WARN_DEPRECATED_OBJC_IMPLEMENTATIONS = YES;
				CLANG_WARN_DIRECT_OBJC_ISA_USAGE = YES_ERROR;
				CLANG_WARN_DOCUMENTATION_COMMENTS = YES;
				CLANG_WARN_EMPTY_BODY = YES;
				CLANG_WARN_ENUM_CONVERSION = YES;
				CLANG_WARN_INFINITE_RECURSION = YES;
				CLANG_WARN_INT_CONVERSION = YES;
				CLANG_WARN_NON_LITERAL_NULL_CONVERSION = YES;
				CLANG_WARN_OBJC_IMPLICIT_RETAIN_SELF = YES;
				CLANG_WARN_OBJC_LITERAL_CONVERSION = YES;
				CLANG_WARN_OBJC_ROOT_CLASS = YES_ERROR;
				CLANG_WARN_RANGE_LOOP_ANALYSIS = YES;
				CLANG_WARN_STRICT_PROTOTYPES = YES;
				CLANG_WARN_SUSPICIOUS_MOVE = YES;
				CLANG_WARN_UNGUARDED_AVAILABILITY = YES_AGGRESSIVE;
				CLANG_WARN_UNREACHABLE_CODE = YES;
				CLANG_WARN__DUPLICATE_METHOD_MATCH = YES;
				COPY_PHASE_STRIP = NO;
				DEBUG_INFORMATION_FORMAT = "dwarf-with-dsym";
				ENABLE_NS_ASSERTIONS = NO;
				ENABLE_STRICT_OBJC_MSGSEND = YES;
				GCC_C_LANGUAGE_STANDARD = gnu11;
				GCC_NO_COMMON_BLOCKS = YES;
				GCC_WARN_64_TO_32_BIT_CONVERSION = YES;
				GCC_WARN_ABOUT_RETURN_TYPE = YES_ERROR;
				GCC_WARN_UNDECLARED_SELECTOR = YES;
				GCC_WARN_UNINITIALIZED_AUTOS = YES_AGGRESSIVE;
				GCC_WARN_UNUSED_FUNCTION = YES;
				GCC_WARN_UNUSED_VARIABLE = YES;
				IPHONEOS_DEPLOYMENT_TARGET = 13.4;
				MTL_ENABLE_DEBUG_INFO = NO;
				MTL_FAST_MATH = YES;
				SDKROOT = iphoneos;
				SWIFT_COMPILATION_MODE = wholemodule;
				SWIFT_OPTIMIZATION_LEVEL = "-O";
				VALIDATE_PRODUCT = YES;
			};
			name = Release;
		};
		DA9CD7772448D77500A23866 /* Debug */ = {
			isa = XCBuildConfiguration;
			buildSettings = {
				ASSETCATALOG_COMPILER_APPICON_NAME = AppIcon;
				CODE_SIGN_STYLE = Automatic;
				DEVELOPMENT_TEAM = M3YPAK686Q;
				INFOPLIST_FILE = "To Do/Info.plist";
				LD_RUNPATH_SEARCH_PATHS = (
					"$(inherited)",
					"@executable_path/Frameworks",
				);
				PRODUCT_BUNDLE_IDENTIFIER = "izmailov-comp.com.To-Do";
				PRODUCT_NAME = "$(TARGET_NAME)";
				SWIFT_VERSION = 5.0;
				TARGETED_DEVICE_FAMILY = "1,2";
			};
			name = Debug;
		};
		DA9CD7782448D77500A23866 /* Release */ = {
			isa = XCBuildConfiguration;
			buildSettings = {
				ASSETCATALOG_COMPILER_APPICON_NAME = AppIcon;
				CODE_SIGN_STYLE = Automatic;
				DEVELOPMENT_TEAM = M3YPAK686Q;
				INFOPLIST_FILE = "To Do/Info.plist";
				LD_RUNPATH_SEARCH_PATHS = (
					"$(inherited)",
					"@executable_path/Frameworks",
				);
				PRODUCT_BUNDLE_IDENTIFIER = "izmailov-comp.com.To-Do";
				PRODUCT_NAME = "$(TARGET_NAME)";
				SWIFT_VERSION = 5.0;
				TARGETED_DEVICE_FAMILY = "1,2";
			};
			name = Release;
		};
		DA9CD77A2448D77500A23866 /* Debug */ = {
			isa = XCBuildConfiguration;
			buildSettings = {
				ALWAYS_EMBED_SWIFT_STANDARD_LIBRARIES = YES;
				BUNDLE_LOADER = "$(TEST_HOST)";
				CODE_SIGN_STYLE = Automatic;
				DEVELOPMENT_TEAM = M3YPAK686Q;
				INFOPLIST_FILE = "To DoTests/Info.plist";
				IPHONEOS_DEPLOYMENT_TARGET = 13.4;
				LD_RUNPATH_SEARCH_PATHS = (
					"$(inherited)",
					"@executable_path/Frameworks",
					"@loader_path/Frameworks",
				);
				PRODUCT_BUNDLE_IDENTIFIER = "izmailov-comp.com.To-DoTests";
				PRODUCT_NAME = "$(TARGET_NAME)";
				SWIFT_VERSION = 5.0;
				TARGETED_DEVICE_FAMILY = "1,2";
				TEST_HOST = "$(BUILT_PRODUCTS_DIR)/To Do.app/To Do";
			};
			name = Debug;
		};
		DA9CD77B2448D77500A23866 /* Release */ = {
			isa = XCBuildConfiguration;
			buildSettings = {
				ALWAYS_EMBED_SWIFT_STANDARD_LIBRARIES = YES;
				BUNDLE_LOADER = "$(TEST_HOST)";
				CODE_SIGN_STYLE = Automatic;
				DEVELOPMENT_TEAM = M3YPAK686Q;
				INFOPLIST_FILE = "To DoTests/Info.plist";
				IPHONEOS_DEPLOYMENT_TARGET = 13.4;
				LD_RUNPATH_SEARCH_PATHS = (
					"$(inherited)",
					"@executable_path/Frameworks",
					"@loader_path/Frameworks",
				);
				PRODUCT_BUNDLE_IDENTIFIER = "izmailov-comp.com.To-DoTests";
				PRODUCT_NAME = "$(TARGET_NAME)";
				SWIFT_VERSION = 5.0;
				TARGETED_DEVICE_FAMILY = "1,2";
				TEST_HOST = "$(BUILT_PRODUCTS_DIR)/To Do.app/To Do";
			};
			name = Release;
		};
		DA9CD77D2448D77500A23866 /* Debug */ = {
			isa = XCBuildConfiguration;
			buildSettings = {
				ALWAYS_EMBED_SWIFT_STANDARD_LIBRARIES = YES;
				CODE_SIGN_STYLE = Automatic;
				DEVELOPMENT_TEAM = M3YPAK686Q;
				INFOPLIST_FILE = "To DoUITests/Info.plist";
				LD_RUNPATH_SEARCH_PATHS = (
					"$(inherited)",
					"@executable_path/Frameworks",
					"@loader_path/Frameworks",
				);
				PRODUCT_BUNDLE_IDENTIFIER = "izmailov-comp.com.To-DoUITests";
				PRODUCT_NAME = "$(TARGET_NAME)";
				SWIFT_VERSION = 5.0;
				TARGETED_DEVICE_FAMILY = "1,2";
				TEST_TARGET_NAME = "To Do";
			};
			name = Debug;
		};
		DA9CD77E2448D77500A23866 /* Release */ = {
			isa = XCBuildConfiguration;
			buildSettings = {
				ALWAYS_EMBED_SWIFT_STANDARD_LIBRARIES = YES;
				CODE_SIGN_STYLE = Automatic;
				DEVELOPMENT_TEAM = M3YPAK686Q;
				INFOPLIST_FILE = "To DoUITests/Info.plist";
				LD_RUNPATH_SEARCH_PATHS = (
					"$(inherited)",
					"@executable_path/Frameworks",
					"@loader_path/Frameworks",
				);
				PRODUCT_BUNDLE_IDENTIFIER = "izmailov-comp.com.To-DoUITests";
				PRODUCT_NAME = "$(TARGET_NAME)";
				SWIFT_VERSION = 5.0;
				TARGETED_DEVICE_FAMILY = "1,2";
				TEST_TARGET_NAME = "To Do";
			};
			name = Release;
		};
/* End XCBuildConfiguration section */

/* Begin XCConfigurationList section */
		DA9CD7472448D77000A23866 /* Build configuration list for PBXProject "To Do" */ = {
			isa = XCConfigurationList;
			buildConfigurations = (
				DA9CD7742448D77500A23866 /* Debug */,
				DA9CD7752448D77500A23866 /* Release */,
			);
			defaultConfigurationIsVisible = 0;
			defaultConfigurationName = Release;
		};
		DA9CD7762448D77500A23866 /* Build configuration list for PBXNativeTarget "To Do" */ = {
			isa = XCConfigurationList;
			buildConfigurations = (
				DA9CD7772448D77500A23866 /* Debug */,
				DA9CD7782448D77500A23866 /* Release */,
			);
			defaultConfigurationIsVisible = 0;
			defaultConfigurationName = Release;
		};
		DA9CD7792448D77500A23866 /* Build configuration list for PBXNativeTarget "To DoTests" */ = {
			isa = XCConfigurationList;
			buildConfigurations = (
				DA9CD77A2448D77500A23866 /* Debug */,
				DA9CD77B2448D77500A23866 /* Release */,
			);
			defaultConfigurationIsVisible = 0;
			defaultConfigurationName = Release;
		};
		DA9CD77C2448D77500A23866 /* Build configuration list for PBXNativeTarget "To DoUITests" */ = {
			isa = XCConfigurationList;
			buildConfigurations = (
				DA9CD77D2448D77500A23866 /* Debug */,
				DA9CD77E2448D77500A23866 /* Release */,
			);
			defaultConfigurationIsVisible = 0;
			defaultConfigurationName = Release;
		};
/* End XCConfigurationList section */
	};
	rootObject = DA9CD7442448D77000A23866 /* Project object */;
}
